
Microsoft Visual Studio Solution File, Format Version 12.00
# Visual Studio 15
VisualStudioVersion = 15.0.28307.1433
MinimumVisualStudioVersion = 10.0.40219.1
Project("{FAE04EC0-301F-11D3-BF4B-00C04F79EFBC}") = "01 - Hello World", "Hello World\01 - Hello World.csproj", "{F08B4663-A67C-4BDD-89E9-A8BD85ACC666}"
EndProject
Project("{2150E333-8FDC-42A3-9474-1A3956D46DE8}") = "Examples from course", "Examples from course", "{C6263B88-0841-456A-B917-4FABB534E5AE}"
EndProject
Project("{2150E333-8FDC-42A3-9474-1A3956D46DE8}") = "Chapter 01 - introduction", "Chapter 01 - introduction", "{CE377979-3F8C-41DE-A9D8-962AD4CCBFD0}"
EndProject
Project("{2150E333-8FDC-42A3-9474-1A3956D46DE8}") = "Corrections", "Corrections", "{4D990D3E-638E-4F09-B96C-510590C8D08C}"
EndProject
Project("{2150E333-8FDC-42A3-9474-1A3956D46DE8}") = "Chapter 1", "Chapter 1", "{54193697-89F4-4534-B465-E37A40DBC62D}"
EndProject
Project("{FAE04EC0-301F-11D3-BF4B-00C04F79EFBC}") = "01 - exercises", "01 - exercises\01 - exercises.csproj", "{D014BB4B-9BC6-45D8-871F-BDED30951BFC}"
EndProject
Project("{FAE04EC0-301F-11D3-BF4B-00C04F79EFBC}") = "sample code for notes", "sample code for notes\sample code for notes.csproj", "{0895B86A-2306-447D-848F-9D5B0E5F3D6C}"
EndProject
Project("{2150E333-8FDC-42A3-9474-1A3956D46DE8}") = "Chapter 04 - methods", "Chapter 04 - methods", "{AF811424-D8E8-4E80-9C75-07A94F49B8BE}"
EndProject
Project("{FAE04EC0-301F-11D3-BF4B-00C04F79EFBC}") = "04 - examples", "04 - examples\04 - examples.csproj", "{673A30A9-EA48-4D1D-BA63-1DA71DA001C5}"
EndProject
Project("{2150E333-8FDC-42A3-9474-1A3956D46DE8}") = "Chapter 05 - OOP", "Chapter 05 - OOP", "{A8905ADC-76CD-417E-9762-333531724DDF}"
EndProject
Project("{FAE04EC0-301F-11D3-BF4B-00C04F79EFBC}") = "05 - namespaces", "05 - namespaces\05 - namespaces.csproj", "{BF855467-5AEB-4333-82C8-ECC89EE54BF9}"
EndProject
Project("{FAE04EC0-301F-11D3-BF4B-00C04F79EFBC}") = "05 - access modifiers", "05 - access modifiers\05 - access modifiers.csproj", "{91F8AC22-FF7D-4E54-BC7B-854166F2C251}"
EndProject
Project("{FAE04EC0-301F-11D3-BF4B-00C04F79EFBC}") = "05 - access modifiers (internal)", "05 - access modifiers (internal)\05 - access modifiers (internal).csproj", "{BE3A0695-6517-48CC-9A25-A458621D3A67}"
EndProject
Project("{FAE04EC0-301F-11D3-BF4B-00C04F79EFBC}") = "05 - properties", "05 - properties\05 - properties.csproj", "{F76F0CD4-FFA2-4A15-A865-2D2C069E55A8}"
EndProject
Project("{FAE04EC0-301F-11D3-BF4B-00C04F79EFBC}") = "05 - auto-implemented properties", "05 - auto-implemented properties\05 - auto-implemented properties.csproj", "{BD678D9F-CE64-4194-8275-892ADEB42990}"
EndProject
Project("{2150E333-8FDC-42A3-9474-1A3956D46DE8}") = "Chapter 4 - Methods", "Chapter 4 - Methods", "{0A30BA41-19D9-4ED9-9C6B-CDE79828C56F}"
EndProject
Project("{FAE04EC0-301F-11D3-BF4B-00C04F79EFBC}") = "05 - correction", "05 - correction\05 - correction.csproj", "{8874BA68-843D-4234-975A-8746ACA50909}"
EndProject
Project("{2150E333-8FDC-42A3-9474-1A3956D46DE8}") = "Sample of code for notes", "Sample of code for notes", "{C5266D2E-FA5F-492F-B673-272E0B2155C8}"
EndProject
Project("{FAE04EC0-301F-11D3-BF4B-00C04F79EFBC}") = "Delegates", "Delegates\Delegates.csproj", "{64281BD3-BE06-4260-A8B5-36962F4B73CD}"
EndProject
Project("{FAE04EC0-301F-11D3-BF4B-00C04F79EFBC}") = "05 - destructor", "05 - destructor\05 - destructor.csproj", "{BC5170CE-F924-4CFE-8A55-1D2C863F92AF}"
EndProject
Project("{FAE04EC0-301F-11D3-BF4B-00C04F79EFBC}") = "05 - partial class", "05 - partial class\05 - partial class.csproj", "{4EB3753E-04C5-4A3B-B385-CAF4A531A561}"
EndProject
Project("{FAE04EC0-301F-11D3-BF4B-00C04F79EFBC}") = "05 - default values for data members", "05 - default values for data members\05 - default values for data members.csproj", "{1D449DCC-D200-4BF8-B4AA-44F2F9F7A036}"
EndProject
Project("{2150E333-8FDC-42A3-9474-1A3956D46DE8}") = "Chapter 06 - Inheritance and polymorphism", "Chapter 06 - Inheritance and polymorphism", "{FC1F8227-6EE0-4214-96C6-60BC73FD9C43}"
EndProject
Project("{FAE04EC0-301F-11D3-BF4B-00C04F79EFBC}") = "06 - cast up and down", "06 - cast up and down\06 - cast up and down.csproj", "{8E5B321F-4E40-4815-AEC7-4F76504C61A9}"
EndProject
Project("{FAE04EC0-301F-11D3-BF4B-00C04F79EFBC}") = "06 - interfaces", "06 - interfaces\06 - interfaces.csproj", "{8B65534D-D16D-44B4-B4A7-81F84A7F7F74}"
EndProject
Project("{FAE04EC0-301F-11D3-BF4B-00C04F79EFBC}") = "05 - constructor", "05 - constructor\05 - constructor.csproj", "{24DA4626-1DA9-498F-BEFD-4BAC021CB53E}"
EndProject
Project("{2150E333-8FDC-42A3-9474-1A3956D46DE8}") = "Chapter 5 - OOP", "Chapter 5 - OOP", "{EEA9F0E2-71C7-469F-91D6-5DB6CFAF28CE}"
EndProject
Project("{FAE04EC0-301F-11D3-BF4B-00C04F79EFBC}") = "05 - Student", "05 - Student\05 - Student.csproj", "{903327AC-264C-4378-9B7B-37C39BC92AB3}"
EndProject
Project("{FAE04EC0-301F-11D3-BF4B-00C04F79EFBC}") = "06 - interfaces (full example in class)", "06 - interfaces (full example in class)\06 - interfaces (full example in class).csproj", "{89090232-3887-4A45-975A-46C0503CCAE6}"
EndProject
Project("{FAE04EC0-301F-11D3-BF4B-00C04F79EFBC}") = "Files", "Files\Files.csproj", "{E4BEF0EE-486E-43B1-8540-526A19AD85EA}"
EndProject
Project("{FAE04EC0-301F-11D3-BF4B-00C04F79EFBC}") = "WPF sample test", "WPF sample test\WPF sample test.csproj", "{0766CA1E-F7F8-433D-B384-6FDCCB4B8B2E}"
EndProject
Project("{2150E333-8FDC-42A3-9474-1A3956D46DE8}") = "Chapter 07 - delegates and events", "Chapter 07 - delegates and events", "{557A50E9-640D-455C-9F66-9B796618E1A5}"
EndProject
Project("{FAE04EC0-301F-11D3-BF4B-00C04F79EFBC}") = "simple example for delegates", "simple example for delegates\simple example for delegates.csproj", "{79930300-112D-404E-A59A-30031FCAEB91}"
EndProject
Project("{FAE04EC0-301F-11D3-BF4B-00C04F79EFBC}") = "Observer pattern", "Observer pattern\Observer pattern.csproj", "{AFFE4258-D0DC-470D-9D09-8637343976C7}"
EndProject
Project("{2150E333-8FDC-42A3-9474-1A3956D46DE8}") = "Chapter 08 - data structures", "Chapter 08 - data structures", "{5C5F7323-B89C-4861-903F-891769272E8A}"
EndProject
Project("{FAE04EC0-301F-11D3-BF4B-00C04F79EFBC}") = "08 - examples", "08 - examples\08 - examples.csproj", "{D06FACF9-E8ED-4F90-8E48-90E4962BE387}"
EndProject
Project("{2150E333-8FDC-42A3-9474-1A3956D46DE8}") = "Chapter 11 - files", "Chapter 11 - files", "{624B78FF-70A2-405E-9137-0E3AE6D36896}"
EndProject
Project("{FAE04EC0-301F-11D3-BF4B-00C04F79EFBC}") = "11 - examples", "11 - examples\11 - examples.csproj", "{9CA73350-BBB4-4F31-AFD7-7F3208A66051}"
EndProject
Project("{2150E333-8FDC-42A3-9474-1A3956D46DE8}") = "Chapter 08 - data structures", "Chapter 08 - data structures", "{345B791D-795C-41C2-877B-57A029A16B63}"
EndProject
Project("{FAE04EC0-301F-11D3-BF4B-00C04F79EFBC}") = "08 - bank account", "08 - bank account\08 - bank account.csproj", "{F0D10EFB-12BE-468D-A232-BC33B845F687}"
EndProject
Project("{2150E333-8FDC-42A3-9474-1A3956D46DE8}") = "Chapter 11 - multilayers application", "Chapter 11 - multilayers application", "{580A1674-DF5E-483D-9488-0BB1E3F18390}"
EndProject
Project("{FAE04EC0-301F-11D3-BF4B-00C04F79EFBC}") = "Model", "Model\Model.csproj", "{D594E902-EF2D-4FD7-8C4F-E1ED727DA268}"
EndProject
Project("{FAE04EC0-301F-11D3-BF4B-00C04F79EFBC}") = "DAL", "DAL\DAL.csproj", "{2CE11763-9CD8-4E98-8246-1A04FF3B993F}"
EndProject
Project("{FAE04EC0-301F-11D3-BF4B-00C04F79EFBC}") = "BLL", "BLL\BLL.csproj", "{8B079EB8-E76D-48AA-988B-9E0A897845EB}"
EndProject
Project("{FAE04EC0-301F-11D3-BF4B-00C04F79EFBC}") = "View (Console)", "View\View (Console).csproj", "{750F6660-0CFC-44A3-A46E-92F09E1788FD}"
EndProject
Project("{2150E333-8FDC-42A3-9474-1A3956D46DE8}") = "WPF basics", "WPF basics", "{F92B8D7C-EF0D-4E1E-AA96-1DB91FBCC828}"
EndProject
Project("{FAE04EC0-301F-11D3-BF4B-00C04F79EFBC}") = "WPF example", "WPF example\WPF example.csproj", "{6A0E1477-AF60-4753-AD8A-151F79348311}"
EndProject
Project("{FAE04EC0-301F-11D3-BF4B-00C04F79EFBC}") = "View (WPF)", "View (WPF)\View (WPF).csproj", "{EF94BF2A-D6BB-42FC-9CA3-E39628F23548}"
EndProject
Project("{2150E333-8FDC-42A3-9474-1A3956D46DE8}") = "Practical exam", "Practical exam", "{9A5A47F3-80F1-4CFF-A3F1-8490CF604BE4}"
EndProject
Project("{FAE04EC0-301F-11D3-BF4B-00C04F79EFBC}") = "DAL (PE)", "DAL (PE)\DAL (PE).csproj", "{5E6C479C-4C40-4D19-8259-3E65AB617735}"
EndProject
Project("{FAE04EC0-301F-11D3-BF4B-00C04F79EFBC}") = "Model (PE)", "Model (PE)\Model (PE).csproj", "{AE6E8417-DB6A-415B-9FCA-4240A2E7A738}"
EndProject
Project("{FAE04EC0-301F-11D3-BF4B-00C04F79EFBC}") = "View (PE)", "View (PE)\View (PE).csproj", "{0168AEDD-6126-429C-9BDA-B1C046E78E2F}"
EndProject
Project("{FAE04EC0-301F-11D3-BF4B-00C04F79EFBC}") = "BLL (PE)", "BLL (PE)\BLL (PE).csproj", "{3F63827B-1D78-4C51-A68C-747EC767A006}"
EndProject
Project("{8BC9CEB8-8B4A-11D0-8D11-00A0C91BC942}") = "test", "test\test.vcxproj", "{4A6FA671-B431-4323-A7B1-35AA1D5275D6}"
EndProject
Project("{2150E333-8FDC-42A3-9474-1A3956D46DE8}") = "C tests", "C tests", "{425A849E-9D20-40EC-8711-C05C2DD98B43}"
EndProject
Project("{FAE04EC0-301F-11D3-BF4B-00C04F79EFBC}") = "06 - new keyword", "06 - new keyword\06 - new keyword.csproj", "{CC2E74B4-E759-4D1A-B2CA-D6A5346AEFB0}"
EndProject
Project("{2150E333-8FDC-42A3-9474-1A3956D46DE8}") = "Chapter 7 - delegates and events", "Chapter 7 - delegates and events", "{FC8EAC8C-1866-4403-A1B2-1D8517B0502A}"
EndProject
Project("{FAE04EC0-301F-11D3-BF4B-00C04F79EFBC}") = "06 - quiz question about ToString", "06 - quiz question about ToString\06 - quiz question about ToString.csproj", "{3451D0FC-CD4C-413A-93A2-37A44148E472}"
EndProject
Global
	GlobalSection(SolutionConfigurationPlatforms) = preSolution
		Debug|Any CPU = Debug|Any CPU
		Debug|x64 = Debug|x64
		Debug|x86 = Debug|x86
		Release|Any CPU = Release|Any CPU
		Release|x64 = Release|x64
		Release|x86 = Release|x86
	EndGlobalSection
	GlobalSection(ProjectConfigurationPlatforms) = postSolution
		{F08B4663-A67C-4BDD-89E9-A8BD85ACC666}.Debug|Any CPU.ActiveCfg = Debug|Any CPU
		{F08B4663-A67C-4BDD-89E9-A8BD85ACC666}.Debug|Any CPU.Build.0 = Debug|Any CPU
		{F08B4663-A67C-4BDD-89E9-A8BD85ACC666}.Debug|x64.ActiveCfg = Debug|Any CPU
		{F08B4663-A67C-4BDD-89E9-A8BD85ACC666}.Debug|x64.Build.0 = Debug|Any CPU
		{F08B4663-A67C-4BDD-89E9-A8BD85ACC666}.Debug|x86.ActiveCfg = Debug|Any CPU
		{F08B4663-A67C-4BDD-89E9-A8BD85ACC666}.Debug|x86.Build.0 = Debug|Any CPU
		{F08B4663-A67C-4BDD-89E9-A8BD85ACC666}.Release|Any CPU.ActiveCfg = Release|Any CPU
		{F08B4663-A67C-4BDD-89E9-A8BD85ACC666}.Release|Any CPU.Build.0 = Release|Any CPU
		{F08B4663-A67C-4BDD-89E9-A8BD85ACC666}.Release|x64.ActiveCfg = Release|Any CPU
		{F08B4663-A67C-4BDD-89E9-A8BD85ACC666}.Release|x64.Build.0 = Release|Any CPU
		{F08B4663-A67C-4BDD-89E9-A8BD85ACC666}.Release|x86.ActiveCfg = Release|Any CPU
		{F08B4663-A67C-4BDD-89E9-A8BD85ACC666}.Release|x86.Build.0 = Release|Any CPU
		{D014BB4B-9BC6-45D8-871F-BDED30951BFC}.Debug|Any CPU.ActiveCfg = Debug|Any CPU
		{D014BB4B-9BC6-45D8-871F-BDED30951BFC}.Debug|Any CPU.Build.0 = Debug|Any CPU
		{D014BB4B-9BC6-45D8-871F-BDED30951BFC}.Debug|x64.ActiveCfg = Debug|Any CPU
		{D014BB4B-9BC6-45D8-871F-BDED30951BFC}.Debug|x64.Build.0 = Debug|Any CPU
		{D014BB4B-9BC6-45D8-871F-BDED30951BFC}.Debug|x86.ActiveCfg = Debug|Any CPU
		{D014BB4B-9BC6-45D8-871F-BDED30951BFC}.Debug|x86.Build.0 = Debug|Any CPU
		{D014BB4B-9BC6-45D8-871F-BDED30951BFC}.Release|Any CPU.ActiveCfg = Release|Any CPU
		{D014BB4B-9BC6-45D8-871F-BDED30951BFC}.Release|Any CPU.Build.0 = Release|Any CPU
		{D014BB4B-9BC6-45D8-871F-BDED30951BFC}.Release|x64.ActiveCfg = Release|Any CPU
		{D014BB4B-9BC6-45D8-871F-BDED30951BFC}.Release|x64.Build.0 = Release|Any CPU
		{D014BB4B-9BC6-45D8-871F-BDED30951BFC}.Release|x86.ActiveCfg = Release|Any CPU
		{D014BB4B-9BC6-45D8-871F-BDED30951BFC}.Release|x86.Build.0 = Release|Any CPU
		{0895B86A-2306-447D-848F-9D5B0E5F3D6C}.Debug|Any CPU.ActiveCfg = Debug|Any CPU
		{0895B86A-2306-447D-848F-9D5B0E5F3D6C}.Debug|Any CPU.Build.0 = Debug|Any CPU
		{0895B86A-2306-447D-848F-9D5B0E5F3D6C}.Debug|x64.ActiveCfg = Debug|Any CPU
		{0895B86A-2306-447D-848F-9D5B0E5F3D6C}.Debug|x64.Build.0 = Debug|Any CPU
		{0895B86A-2306-447D-848F-9D5B0E5F3D6C}.Debug|x86.ActiveCfg = Debug|Any CPU
		{0895B86A-2306-447D-848F-9D5B0E5F3D6C}.Debug|x86.Build.0 = Debug|Any CPU
		{0895B86A-2306-447D-848F-9D5B0E5F3D6C}.Release|Any CPU.ActiveCfg = Release|Any CPU
		{0895B86A-2306-447D-848F-9D5B0E5F3D6C}.Release|Any CPU.Build.0 = Release|Any CPU
		{0895B86A-2306-447D-848F-9D5B0E5F3D6C}.Release|x64.ActiveCfg = Release|Any CPU
		{0895B86A-2306-447D-848F-9D5B0E5F3D6C}.Release|x64.Build.0 = Release|Any CPU
		{0895B86A-2306-447D-848F-9D5B0E5F3D6C}.Release|x86.ActiveCfg = Release|Any CPU
		{0895B86A-2306-447D-848F-9D5B0E5F3D6C}.Release|x86.Build.0 = Release|Any CPU
		{673A30A9-EA48-4D1D-BA63-1DA71DA001C5}.Debug|Any CPU.ActiveCfg = Debug|Any CPU
		{673A30A9-EA48-4D1D-BA63-1DA71DA001C5}.Debug|Any CPU.Build.0 = Debug|Any CPU
		{673A30A9-EA48-4D1D-BA63-1DA71DA001C5}.Debug|x64.ActiveCfg = Debug|Any CPU
		{673A30A9-EA48-4D1D-BA63-1DA71DA001C5}.Debug|x64.Build.0 = Debug|Any CPU
		{673A30A9-EA48-4D1D-BA63-1DA71DA001C5}.Debug|x86.ActiveCfg = Debug|Any CPU
		{673A30A9-EA48-4D1D-BA63-1DA71DA001C5}.Debug|x86.Build.0 = Debug|Any CPU
		{673A30A9-EA48-4D1D-BA63-1DA71DA001C5}.Release|Any CPU.ActiveCfg = Release|Any CPU
		{673A30A9-EA48-4D1D-BA63-1DA71DA001C5}.Release|Any CPU.Build.0 = Release|Any CPU
		{673A30A9-EA48-4D1D-BA63-1DA71DA001C5}.Release|x64.ActiveCfg = Release|Any CPU
		{673A30A9-EA48-4D1D-BA63-1DA71DA001C5}.Release|x64.Build.0 = Release|Any CPU
		{673A30A9-EA48-4D1D-BA63-1DA71DA001C5}.Release|x86.ActiveCfg = Release|Any CPU
		{673A30A9-EA48-4D1D-BA63-1DA71DA001C5}.Release|x86.Build.0 = Release|Any CPU
		{BF855467-5AEB-4333-82C8-ECC89EE54BF9}.Debug|Any CPU.ActiveCfg = Debug|Any CPU
		{BF855467-5AEB-4333-82C8-ECC89EE54BF9}.Debug|Any CPU.Build.0 = Debug|Any CPU
		{BF855467-5AEB-4333-82C8-ECC89EE54BF9}.Debug|x64.ActiveCfg = Debug|Any CPU
		{BF855467-5AEB-4333-82C8-ECC89EE54BF9}.Debug|x64.Build.0 = Debug|Any CPU
		{BF855467-5AEB-4333-82C8-ECC89EE54BF9}.Debug|x86.ActiveCfg = Debug|Any CPU
		{BF855467-5AEB-4333-82C8-ECC89EE54BF9}.Debug|x86.Build.0 = Debug|Any CPU
		{BF855467-5AEB-4333-82C8-ECC89EE54BF9}.Release|Any CPU.ActiveCfg = Release|Any CPU
		{BF855467-5AEB-4333-82C8-ECC89EE54BF9}.Release|Any CPU.Build.0 = Release|Any CPU
		{BF855467-5AEB-4333-82C8-ECC89EE54BF9}.Release|x64.ActiveCfg = Release|Any CPU
		{BF855467-5AEB-4333-82C8-ECC89EE54BF9}.Release|x64.Build.0 = Release|Any CPU
		{BF855467-5AEB-4333-82C8-ECC89EE54BF9}.Release|x86.ActiveCfg = Release|Any CPU
		{BF855467-5AEB-4333-82C8-ECC89EE54BF9}.Release|x86.Build.0 = Release|Any CPU
		{91F8AC22-FF7D-4E54-BC7B-854166F2C251}.Debug|Any CPU.ActiveCfg = Debug|Any CPU
		{91F8AC22-FF7D-4E54-BC7B-854166F2C251}.Debug|Any CPU.Build.0 = Debug|Any CPU
		{91F8AC22-FF7D-4E54-BC7B-854166F2C251}.Debug|x64.ActiveCfg = Debug|Any CPU
		{91F8AC22-FF7D-4E54-BC7B-854166F2C251}.Debug|x64.Build.0 = Debug|Any CPU
		{91F8AC22-FF7D-4E54-BC7B-854166F2C251}.Debug|x86.ActiveCfg = Debug|Any CPU
		{91F8AC22-FF7D-4E54-BC7B-854166F2C251}.Debug|x86.Build.0 = Debug|Any CPU
		{91F8AC22-FF7D-4E54-BC7B-854166F2C251}.Release|Any CPU.ActiveCfg = Release|Any CPU
		{91F8AC22-FF7D-4E54-BC7B-854166F2C251}.Release|Any CPU.Build.0 = Release|Any CPU
		{91F8AC22-FF7D-4E54-BC7B-854166F2C251}.Release|x64.ActiveCfg = Release|Any CPU
		{91F8AC22-FF7D-4E54-BC7B-854166F2C251}.Release|x64.Build.0 = Release|Any CPU
		{91F8AC22-FF7D-4E54-BC7B-854166F2C251}.Release|x86.ActiveCfg = Release|Any CPU
		{91F8AC22-FF7D-4E54-BC7B-854166F2C251}.Release|x86.Build.0 = Release|Any CPU
		{BE3A0695-6517-48CC-9A25-A458621D3A67}.Debug|Any CPU.ActiveCfg = Debug|Any CPU
		{BE3A0695-6517-48CC-9A25-A458621D3A67}.Debug|Any CPU.Build.0 = Debug|Any CPU
		{BE3A0695-6517-48CC-9A25-A458621D3A67}.Debug|x64.ActiveCfg = Debug|Any CPU
		{BE3A0695-6517-48CC-9A25-A458621D3A67}.Debug|x64.Build.0 = Debug|Any CPU
		{BE3A0695-6517-48CC-9A25-A458621D3A67}.Debug|x86.ActiveCfg = Debug|Any CPU
		{BE3A0695-6517-48CC-9A25-A458621D3A67}.Debug|x86.Build.0 = Debug|Any CPU
		{BE3A0695-6517-48CC-9A25-A458621D3A67}.Release|Any CPU.ActiveCfg = Release|Any CPU
		{BE3A0695-6517-48CC-9A25-A458621D3A67}.Release|Any CPU.Build.0 = Release|Any CPU
		{BE3A0695-6517-48CC-9A25-A458621D3A67}.Release|x64.ActiveCfg = Release|Any CPU
		{BE3A0695-6517-48CC-9A25-A458621D3A67}.Release|x64.Build.0 = Release|Any CPU
		{BE3A0695-6517-48CC-9A25-A458621D3A67}.Release|x86.ActiveCfg = Release|Any CPU
		{BE3A0695-6517-48CC-9A25-A458621D3A67}.Release|x86.Build.0 = Release|Any CPU
		{F76F0CD4-FFA2-4A15-A865-2D2C069E55A8}.Debug|Any CPU.ActiveCfg = Debug|Any CPU
		{F76F0CD4-FFA2-4A15-A865-2D2C069E55A8}.Debug|Any CPU.Build.0 = Debug|Any CPU
		{F76F0CD4-FFA2-4A15-A865-2D2C069E55A8}.Debug|x64.ActiveCfg = Debug|Any CPU
		{F76F0CD4-FFA2-4A15-A865-2D2C069E55A8}.Debug|x64.Build.0 = Debug|Any CPU
		{F76F0CD4-FFA2-4A15-A865-2D2C069E55A8}.Debug|x86.ActiveCfg = Debug|Any CPU
		{F76F0CD4-FFA2-4A15-A865-2D2C069E55A8}.Debug|x86.Build.0 = Debug|Any CPU
		{F76F0CD4-FFA2-4A15-A865-2D2C069E55A8}.Release|Any CPU.ActiveCfg = Release|Any CPU
		{F76F0CD4-FFA2-4A15-A865-2D2C069E55A8}.Release|Any CPU.Build.0 = Release|Any CPU
		{F76F0CD4-FFA2-4A15-A865-2D2C069E55A8}.Release|x64.ActiveCfg = Release|Any CPU
		{F76F0CD4-FFA2-4A15-A865-2D2C069E55A8}.Release|x64.Build.0 = Release|Any CPU
		{F76F0CD4-FFA2-4A15-A865-2D2C069E55A8}.Release|x86.ActiveCfg = Release|Any CPU
		{F76F0CD4-FFA2-4A15-A865-2D2C069E55A8}.Release|x86.Build.0 = Release|Any CPU
		{BD678D9F-CE64-4194-8275-892ADEB42990}.Debug|Any CPU.ActiveCfg = Debug|Any CPU
		{BD678D9F-CE64-4194-8275-892ADEB42990}.Debug|Any CPU.Build.0 = Debug|Any CPU
		{BD678D9F-CE64-4194-8275-892ADEB42990}.Debug|x64.ActiveCfg = Debug|Any CPU
		{BD678D9F-CE64-4194-8275-892ADEB42990}.Debug|x64.Build.0 = Debug|Any CPU
		{BD678D9F-CE64-4194-8275-892ADEB42990}.Debug|x86.ActiveCfg = Debug|Any CPU
		{BD678D9F-CE64-4194-8275-892ADEB42990}.Debug|x86.Build.0 = Debug|Any CPU
		{BD678D9F-CE64-4194-8275-892ADEB42990}.Release|Any CPU.ActiveCfg = Release|Any CPU
		{BD678D9F-CE64-4194-8275-892ADEB42990}.Release|Any CPU.Build.0 = Release|Any CPU
		{BD678D9F-CE64-4194-8275-892ADEB42990}.Release|x64.ActiveCfg = Release|Any CPU
		{BD678D9F-CE64-4194-8275-892ADEB42990}.Release|x64.Build.0 = Release|Any CPU
		{BD678D9F-CE64-4194-8275-892ADEB42990}.Release|x86.ActiveCfg = Release|Any CPU
		{BD678D9F-CE64-4194-8275-892ADEB42990}.Release|x86.Build.0 = Release|Any CPU
		{8874BA68-843D-4234-975A-8746ACA50909}.Debug|Any CPU.ActiveCfg = Debug|Any CPU
		{8874BA68-843D-4234-975A-8746ACA50909}.Debug|Any CPU.Build.0 = Debug|Any CPU
		{8874BA68-843D-4234-975A-8746ACA50909}.Debug|x64.ActiveCfg = Debug|Any CPU
		{8874BA68-843D-4234-975A-8746ACA50909}.Debug|x64.Build.0 = Debug|Any CPU
		{8874BA68-843D-4234-975A-8746ACA50909}.Debug|x86.ActiveCfg = Debug|Any CPU
		{8874BA68-843D-4234-975A-8746ACA50909}.Debug|x86.Build.0 = Debug|Any CPU
		{8874BA68-843D-4234-975A-8746ACA50909}.Release|Any CPU.ActiveCfg = Release|Any CPU
		{8874BA68-843D-4234-975A-8746ACA50909}.Release|Any CPU.Build.0 = Release|Any CPU
		{8874BA68-843D-4234-975A-8746ACA50909}.Release|x64.ActiveCfg = Release|Any CPU
		{8874BA68-843D-4234-975A-8746ACA50909}.Release|x64.Build.0 = Release|Any CPU
		{8874BA68-843D-4234-975A-8746ACA50909}.Release|x86.ActiveCfg = Release|Any CPU
		{8874BA68-843D-4234-975A-8746ACA50909}.Release|x86.Build.0 = Release|Any CPU
		{64281BD3-BE06-4260-A8B5-36962F4B73CD}.Debug|Any CPU.ActiveCfg = Debug|Any CPU
		{64281BD3-BE06-4260-A8B5-36962F4B73CD}.Debug|Any CPU.Build.0 = Debug|Any CPU
		{64281BD3-BE06-4260-A8B5-36962F4B73CD}.Debug|x64.ActiveCfg = Debug|Any CPU
		{64281BD3-BE06-4260-A8B5-36962F4B73CD}.Debug|x64.Build.0 = Debug|Any CPU
		{64281BD3-BE06-4260-A8B5-36962F4B73CD}.Debug|x86.ActiveCfg = Debug|Any CPU
		{64281BD3-BE06-4260-A8B5-36962F4B73CD}.Debug|x86.Build.0 = Debug|Any CPU
		{64281BD3-BE06-4260-A8B5-36962F4B73CD}.Release|Any CPU.ActiveCfg = Release|Any CPU
		{64281BD3-BE06-4260-A8B5-36962F4B73CD}.Release|Any CPU.Build.0 = Release|Any CPU
		{64281BD3-BE06-4260-A8B5-36962F4B73CD}.Release|x64.ActiveCfg = Release|Any CPU
		{64281BD3-BE06-4260-A8B5-36962F4B73CD}.Release|x64.Build.0 = Release|Any CPU
		{64281BD3-BE06-4260-A8B5-36962F4B73CD}.Release|x86.ActiveCfg = Release|Any CPU
		{64281BD3-BE06-4260-A8B5-36962F4B73CD}.Release|x86.Build.0 = Release|Any CPU
		{BC5170CE-F924-4CFE-8A55-1D2C863F92AF}.Debug|Any CPU.ActiveCfg = Debug|Any CPU
		{BC5170CE-F924-4CFE-8A55-1D2C863F92AF}.Debug|Any CPU.Build.0 = Debug|Any CPU
		{BC5170CE-F924-4CFE-8A55-1D2C863F92AF}.Debug|x64.ActiveCfg = Debug|Any CPU
		{BC5170CE-F924-4CFE-8A55-1D2C863F92AF}.Debug|x64.Build.0 = Debug|Any CPU
		{BC5170CE-F924-4CFE-8A55-1D2C863F92AF}.Debug|x86.ActiveCfg = Debug|Any CPU
		{BC5170CE-F924-4CFE-8A55-1D2C863F92AF}.Debug|x86.Build.0 = Debug|Any CPU
		{BC5170CE-F924-4CFE-8A55-1D2C863F92AF}.Release|Any CPU.ActiveCfg = Release|Any CPU
		{BC5170CE-F924-4CFE-8A55-1D2C863F92AF}.Release|Any CPU.Build.0 = Release|Any CPU
		{BC5170CE-F924-4CFE-8A55-1D2C863F92AF}.Release|x64.ActiveCfg = Release|Any CPU
		{BC5170CE-F924-4CFE-8A55-1D2C863F92AF}.Release|x64.Build.0 = Release|Any CPU
		{BC5170CE-F924-4CFE-8A55-1D2C863F92AF}.Release|x86.ActiveCfg = Release|Any CPU
		{BC5170CE-F924-4CFE-8A55-1D2C863F92AF}.Release|x86.Build.0 = Release|Any CPU
		{4EB3753E-04C5-4A3B-B385-CAF4A531A561}.Debug|Any CPU.ActiveCfg = Debug|Any CPU
		{4EB3753E-04C5-4A3B-B385-CAF4A531A561}.Debug|Any CPU.Build.0 = Debug|Any CPU
		{4EB3753E-04C5-4A3B-B385-CAF4A531A561}.Debug|x64.ActiveCfg = Debug|Any CPU
		{4EB3753E-04C5-4A3B-B385-CAF4A531A561}.Debug|x64.Build.0 = Debug|Any CPU
		{4EB3753E-04C5-4A3B-B385-CAF4A531A561}.Debug|x86.ActiveCfg = Debug|Any CPU
		{4EB3753E-04C5-4A3B-B385-CAF4A531A561}.Debug|x86.Build.0 = Debug|Any CPU
		{4EB3753E-04C5-4A3B-B385-CAF4A531A561}.Release|Any CPU.ActiveCfg = Release|Any CPU
		{4EB3753E-04C5-4A3B-B385-CAF4A531A561}.Release|Any CPU.Build.0 = Release|Any CPU
		{4EB3753E-04C5-4A3B-B385-CAF4A531A561}.Release|x64.ActiveCfg = Release|Any CPU
		{4EB3753E-04C5-4A3B-B385-CAF4A531A561}.Release|x64.Build.0 = Release|Any CPU
		{4EB3753E-04C5-4A3B-B385-CAF4A531A561}.Release|x86.ActiveCfg = Release|Any CPU
		{4EB3753E-04C5-4A3B-B385-CAF4A531A561}.Release|x86.Build.0 = Release|Any CPU
		{1D449DCC-D200-4BF8-B4AA-44F2F9F7A036}.Debug|Any CPU.ActiveCfg = Debug|Any CPU
		{1D449DCC-D200-4BF8-B4AA-44F2F9F7A036}.Debug|Any CPU.Build.0 = Debug|Any CPU
		{1D449DCC-D200-4BF8-B4AA-44F2F9F7A036}.Debug|x64.ActiveCfg = Debug|Any CPU
		{1D449DCC-D200-4BF8-B4AA-44F2F9F7A036}.Debug|x64.Build.0 = Debug|Any CPU
		{1D449DCC-D200-4BF8-B4AA-44F2F9F7A036}.Debug|x86.ActiveCfg = Debug|Any CPU
		{1D449DCC-D200-4BF8-B4AA-44F2F9F7A036}.Debug|x86.Build.0 = Debug|Any CPU
		{1D449DCC-D200-4BF8-B4AA-44F2F9F7A036}.Release|Any CPU.ActiveCfg = Release|Any CPU
		{1D449DCC-D200-4BF8-B4AA-44F2F9F7A036}.Release|Any CPU.Build.0 = Release|Any CPU
		{1D449DCC-D200-4BF8-B4AA-44F2F9F7A036}.Release|x64.ActiveCfg = Release|Any CPU
		{1D449DCC-D200-4BF8-B4AA-44F2F9F7A036}.Release|x64.Build.0 = Release|Any CPU
		{1D449DCC-D200-4BF8-B4AA-44F2F9F7A036}.Release|x86.ActiveCfg = Release|Any CPU
		{1D449DCC-D200-4BF8-B4AA-44F2F9F7A036}.Release|x86.Build.0 = Release|Any CPU
		{8E5B321F-4E40-4815-AEC7-4F76504C61A9}.Debug|Any CPU.ActiveCfg = Debug|Any CPU
		{8E5B321F-4E40-4815-AEC7-4F76504C61A9}.Debug|Any CPU.Build.0 = Debug|Any CPU
		{8E5B321F-4E40-4815-AEC7-4F76504C61A9}.Debug|x64.ActiveCfg = Debug|Any CPU
		{8E5B321F-4E40-4815-AEC7-4F76504C61A9}.Debug|x64.Build.0 = Debug|Any CPU
		{8E5B321F-4E40-4815-AEC7-4F76504C61A9}.Debug|x86.ActiveCfg = Debug|Any CPU
		{8E5B321F-4E40-4815-AEC7-4F76504C61A9}.Debug|x86.Build.0 = Debug|Any CPU
		{8E5B321F-4E40-4815-AEC7-4F76504C61A9}.Release|Any CPU.ActiveCfg = Release|Any CPU
		{8E5B321F-4E40-4815-AEC7-4F76504C61A9}.Release|Any CPU.Build.0 = Release|Any CPU
		{8E5B321F-4E40-4815-AEC7-4F76504C61A9}.Release|x64.ActiveCfg = Release|Any CPU
		{8E5B321F-4E40-4815-AEC7-4F76504C61A9}.Release|x64.Build.0 = Release|Any CPU
		{8E5B321F-4E40-4815-AEC7-4F76504C61A9}.Release|x86.ActiveCfg = Release|Any CPU
		{8E5B321F-4E40-4815-AEC7-4F76504C61A9}.Release|x86.Build.0 = Release|Any CPU
		{8B65534D-D16D-44B4-B4A7-81F84A7F7F74}.Debug|Any CPU.ActiveCfg = Debug|Any CPU
		{8B65534D-D16D-44B4-B4A7-81F84A7F7F74}.Debug|Any CPU.Build.0 = Debug|Any CPU
		{8B65534D-D16D-44B4-B4A7-81F84A7F7F74}.Debug|x64.ActiveCfg = Debug|Any CPU
		{8B65534D-D16D-44B4-B4A7-81F84A7F7F74}.Debug|x64.Build.0 = Debug|Any CPU
		{8B65534D-D16D-44B4-B4A7-81F84A7F7F74}.Debug|x86.ActiveCfg = Debug|Any CPU
		{8B65534D-D16D-44B4-B4A7-81F84A7F7F74}.Debug|x86.Build.0 = Debug|Any CPU
		{8B65534D-D16D-44B4-B4A7-81F84A7F7F74}.Release|Any CPU.ActiveCfg = Release|Any CPU
		{8B65534D-D16D-44B4-B4A7-81F84A7F7F74}.Release|Any CPU.Build.0 = Release|Any CPU
		{8B65534D-D16D-44B4-B4A7-81F84A7F7F74}.Release|x64.ActiveCfg = Release|Any CPU
		{8B65534D-D16D-44B4-B4A7-81F84A7F7F74}.Release|x64.Build.0 = Release|Any CPU
		{8B65534D-D16D-44B4-B4A7-81F84A7F7F74}.Release|x86.ActiveCfg = Release|Any CPU
		{8B65534D-D16D-44B4-B4A7-81F84A7F7F74}.Release|x86.Build.0 = Release|Any CPU
		{24DA4626-1DA9-498F-BEFD-4BAC021CB53E}.Debug|Any CPU.ActiveCfg = Debug|Any CPU
		{24DA4626-1DA9-498F-BEFD-4BAC021CB53E}.Debug|Any CPU.Build.0 = Debug|Any CPU
		{24DA4626-1DA9-498F-BEFD-4BAC021CB53E}.Debug|x64.ActiveCfg = Debug|Any CPU
		{24DA4626-1DA9-498F-BEFD-4BAC021CB53E}.Debug|x64.Build.0 = Debug|Any CPU
		{24DA4626-1DA9-498F-BEFD-4BAC021CB53E}.Debug|x86.ActiveCfg = Debug|Any CPU
		{24DA4626-1DA9-498F-BEFD-4BAC021CB53E}.Debug|x86.Build.0 = Debug|Any CPU
		{24DA4626-1DA9-498F-BEFD-4BAC021CB53E}.Release|Any CPU.ActiveCfg = Release|Any CPU
		{24DA4626-1DA9-498F-BEFD-4BAC021CB53E}.Release|Any CPU.Build.0 = Release|Any CPU
		{24DA4626-1DA9-498F-BEFD-4BAC021CB53E}.Release|x64.ActiveCfg = Release|Any CPU
		{24DA4626-1DA9-498F-BEFD-4BAC021CB53E}.Release|x64.Build.0 = Release|Any CPU
		{24DA4626-1DA9-498F-BEFD-4BAC021CB53E}.Release|x86.ActiveCfg = Release|Any CPU
		{24DA4626-1DA9-498F-BEFD-4BAC021CB53E}.Release|x86.Build.0 = Release|Any CPU
		{903327AC-264C-4378-9B7B-37C39BC92AB3}.Debug|Any CPU.ActiveCfg = Debug|Any CPU
		{903327AC-264C-4378-9B7B-37C39BC92AB3}.Debug|Any CPU.Build.0 = Debug|Any CPU
		{903327AC-264C-4378-9B7B-37C39BC92AB3}.Debug|x64.ActiveCfg = Debug|Any CPU
		{903327AC-264C-4378-9B7B-37C39BC92AB3}.Debug|x64.Build.0 = Debug|Any CPU
		{903327AC-264C-4378-9B7B-37C39BC92AB3}.Debug|x86.ActiveCfg = Debug|Any CPU
		{903327AC-264C-4378-9B7B-37C39BC92AB3}.Debug|x86.Build.0 = Debug|Any CPU
		{903327AC-264C-4378-9B7B-37C39BC92AB3}.Release|Any CPU.ActiveCfg = Release|Any CPU
		{903327AC-264C-4378-9B7B-37C39BC92AB3}.Release|Any CPU.Build.0 = Release|Any CPU
		{903327AC-264C-4378-9B7B-37C39BC92AB3}.Release|x64.ActiveCfg = Release|Any CPU
		{903327AC-264C-4378-9B7B-37C39BC92AB3}.Release|x64.Build.0 = Release|Any CPU
		{903327AC-264C-4378-9B7B-37C39BC92AB3}.Release|x86.ActiveCfg = Release|Any CPU
		{903327AC-264C-4378-9B7B-37C39BC92AB3}.Release|x86.Build.0 = Release|Any CPU
		{89090232-3887-4A45-975A-46C0503CCAE6}.Debug|Any CPU.ActiveCfg = Debug|Any CPU
		{89090232-3887-4A45-975A-46C0503CCAE6}.Debug|Any CPU.Build.0 = Debug|Any CPU
		{89090232-3887-4A45-975A-46C0503CCAE6}.Debug|x64.ActiveCfg = Debug|Any CPU
		{89090232-3887-4A45-975A-46C0503CCAE6}.Debug|x64.Build.0 = Debug|Any CPU
		{89090232-3887-4A45-975A-46C0503CCAE6}.Debug|x86.ActiveCfg = Debug|Any CPU
		{89090232-3887-4A45-975A-46C0503CCAE6}.Debug|x86.Build.0 = Debug|Any CPU
		{89090232-3887-4A45-975A-46C0503CCAE6}.Release|Any CPU.ActiveCfg = Release|Any CPU
		{89090232-3887-4A45-975A-46C0503CCAE6}.Release|Any CPU.Build.0 = Release|Any CPU
		{89090232-3887-4A45-975A-46C0503CCAE6}.Release|x64.ActiveCfg = Release|Any CPU
		{89090232-3887-4A45-975A-46C0503CCAE6}.Release|x64.Build.0 = Release|Any CPU
		{89090232-3887-4A45-975A-46C0503CCAE6}.Release|x86.ActiveCfg = Release|Any CPU
		{89090232-3887-4A45-975A-46C0503CCAE6}.Release|x86.Build.0 = Release|Any CPU
		{E4BEF0EE-486E-43B1-8540-526A19AD85EA}.Debug|Any CPU.ActiveCfg = Debug|Any CPU
		{E4BEF0EE-486E-43B1-8540-526A19AD85EA}.Debug|Any CPU.Build.0 = Debug|Any CPU
		{E4BEF0EE-486E-43B1-8540-526A19AD85EA}.Debug|x64.ActiveCfg = Debug|Any CPU
		{E4BEF0EE-486E-43B1-8540-526A19AD85EA}.Debug|x64.Build.0 = Debug|Any CPU
		{E4BEF0EE-486E-43B1-8540-526A19AD85EA}.Debug|x86.ActiveCfg = Debug|Any CPU
		{E4BEF0EE-486E-43B1-8540-526A19AD85EA}.Debug|x86.Build.0 = Debug|Any CPU
		{E4BEF0EE-486E-43B1-8540-526A19AD85EA}.Release|Any CPU.ActiveCfg = Release|Any CPU
		{E4BEF0EE-486E-43B1-8540-526A19AD85EA}.Release|Any CPU.Build.0 = Release|Any CPU
		{E4BEF0EE-486E-43B1-8540-526A19AD85EA}.Release|x64.ActiveCfg = Release|Any CPU
		{E4BEF0EE-486E-43B1-8540-526A19AD85EA}.Release|x64.Build.0 = Release|Any CPU
		{E4BEF0EE-486E-43B1-8540-526A19AD85EA}.Release|x86.ActiveCfg = Release|Any CPU
		{E4BEF0EE-486E-43B1-8540-526A19AD85EA}.Release|x86.Build.0 = Release|Any CPU
		{0766CA1E-F7F8-433D-B384-6FDCCB4B8B2E}.Debug|Any CPU.ActiveCfg = Debug|Any CPU
		{0766CA1E-F7F8-433D-B384-6FDCCB4B8B2E}.Debug|Any CPU.Build.0 = Debug|Any CPU
		{0766CA1E-F7F8-433D-B384-6FDCCB4B8B2E}.Debug|x64.ActiveCfg = Debug|Any CPU
		{0766CA1E-F7F8-433D-B384-6FDCCB4B8B2E}.Debug|x64.Build.0 = Debug|Any CPU
		{0766CA1E-F7F8-433D-B384-6FDCCB4B8B2E}.Debug|x86.ActiveCfg = Debug|Any CPU
		{0766CA1E-F7F8-433D-B384-6FDCCB4B8B2E}.Debug|x86.Build.0 = Debug|Any CPU
		{0766CA1E-F7F8-433D-B384-6FDCCB4B8B2E}.Release|Any CPU.ActiveCfg = Release|Any CPU
		{0766CA1E-F7F8-433D-B384-6FDCCB4B8B2E}.Release|Any CPU.Build.0 = Release|Any CPU
		{0766CA1E-F7F8-433D-B384-6FDCCB4B8B2E}.Release|x64.ActiveCfg = Release|Any CPU
		{0766CA1E-F7F8-433D-B384-6FDCCB4B8B2E}.Release|x64.Build.0 = Release|Any CPU
		{0766CA1E-F7F8-433D-B384-6FDCCB4B8B2E}.Release|x86.ActiveCfg = Release|Any CPU
		{0766CA1E-F7F8-433D-B384-6FDCCB4B8B2E}.Release|x86.Build.0 = Release|Any CPU
		{79930300-112D-404E-A59A-30031FCAEB91}.Debug|Any CPU.ActiveCfg = Debug|Any CPU
		{79930300-112D-404E-A59A-30031FCAEB91}.Debug|Any CPU.Build.0 = Debug|Any CPU
		{79930300-112D-404E-A59A-30031FCAEB91}.Debug|x64.ActiveCfg = Debug|Any CPU
		{79930300-112D-404E-A59A-30031FCAEB91}.Debug|x64.Build.0 = Debug|Any CPU
		{79930300-112D-404E-A59A-30031FCAEB91}.Debug|x86.ActiveCfg = Debug|Any CPU
		{79930300-112D-404E-A59A-30031FCAEB91}.Debug|x86.Build.0 = Debug|Any CPU
		{79930300-112D-404E-A59A-30031FCAEB91}.Release|Any CPU.ActiveCfg = Release|Any CPU
		{79930300-112D-404E-A59A-30031FCAEB91}.Release|Any CPU.Build.0 = Release|Any CPU
		{79930300-112D-404E-A59A-30031FCAEB91}.Release|x64.ActiveCfg = Release|Any CPU
		{79930300-112D-404E-A59A-30031FCAEB91}.Release|x64.Build.0 = Release|Any CPU
		{79930300-112D-404E-A59A-30031FCAEB91}.Release|x86.ActiveCfg = Release|Any CPU
		{79930300-112D-404E-A59A-30031FCAEB91}.Release|x86.Build.0 = Release|Any CPU
		{AFFE4258-D0DC-470D-9D09-8637343976C7}.Debug|Any CPU.ActiveCfg = Debug|Any CPU
		{AFFE4258-D0DC-470D-9D09-8637343976C7}.Debug|Any CPU.Build.0 = Debug|Any CPU
		{AFFE4258-D0DC-470D-9D09-8637343976C7}.Debug|x64.ActiveCfg = Debug|Any CPU
		{AFFE4258-D0DC-470D-9D09-8637343976C7}.Debug|x64.Build.0 = Debug|Any CPU
		{AFFE4258-D0DC-470D-9D09-8637343976C7}.Debug|x86.ActiveCfg = Debug|Any CPU
		{AFFE4258-D0DC-470D-9D09-8637343976C7}.Debug|x86.Build.0 = Debug|Any CPU
		{AFFE4258-D0DC-470D-9D09-8637343976C7}.Release|Any CPU.ActiveCfg = Release|Any CPU
		{AFFE4258-D0DC-470D-9D09-8637343976C7}.Release|Any CPU.Build.0 = Release|Any CPU
		{AFFE4258-D0DC-470D-9D09-8637343976C7}.Release|x64.ActiveCfg = Release|Any CPU
		{AFFE4258-D0DC-470D-9D09-8637343976C7}.Release|x64.Build.0 = Release|Any CPU
		{AFFE4258-D0DC-470D-9D09-8637343976C7}.Release|x86.ActiveCfg = Release|Any CPU
		{AFFE4258-D0DC-470D-9D09-8637343976C7}.Release|x86.Build.0 = Release|Any CPU
		{D06FACF9-E8ED-4F90-8E48-90E4962BE387}.Debug|Any CPU.ActiveCfg = Debug|Any CPU
		{D06FACF9-E8ED-4F90-8E48-90E4962BE387}.Debug|Any CPU.Build.0 = Debug|Any CPU
		{D06FACF9-E8ED-4F90-8E48-90E4962BE387}.Debug|x64.ActiveCfg = Debug|Any CPU
		{D06FACF9-E8ED-4F90-8E48-90E4962BE387}.Debug|x64.Build.0 = Debug|Any CPU
		{D06FACF9-E8ED-4F90-8E48-90E4962BE387}.Debug|x86.ActiveCfg = Debug|Any CPU
		{D06FACF9-E8ED-4F90-8E48-90E4962BE387}.Debug|x86.Build.0 = Debug|Any CPU
		{D06FACF9-E8ED-4F90-8E48-90E4962BE387}.Release|Any CPU.ActiveCfg = Release|Any CPU
		{D06FACF9-E8ED-4F90-8E48-90E4962BE387}.Release|Any CPU.Build.0 = Release|Any CPU
		{D06FACF9-E8ED-4F90-8E48-90E4962BE387}.Release|x64.ActiveCfg = Release|Any CPU
		{D06FACF9-E8ED-4F90-8E48-90E4962BE387}.Release|x64.Build.0 = Release|Any CPU
		{D06FACF9-E8ED-4F90-8E48-90E4962BE387}.Release|x86.ActiveCfg = Release|Any CPU
		{D06FACF9-E8ED-4F90-8E48-90E4962BE387}.Release|x86.Build.0 = Release|Any CPU
		{9CA73350-BBB4-4F31-AFD7-7F3208A66051}.Debug|Any CPU.ActiveCfg = Debug|Any CPU
		{9CA73350-BBB4-4F31-AFD7-7F3208A66051}.Debug|Any CPU.Build.0 = Debug|Any CPU
		{9CA73350-BBB4-4F31-AFD7-7F3208A66051}.Debug|x64.ActiveCfg = Debug|Any CPU
		{9CA73350-BBB4-4F31-AFD7-7F3208A66051}.Debug|x64.Build.0 = Debug|Any CPU
		{9CA73350-BBB4-4F31-AFD7-7F3208A66051}.Debug|x86.ActiveCfg = Debug|Any CPU
		{9CA73350-BBB4-4F31-AFD7-7F3208A66051}.Debug|x86.Build.0 = Debug|Any CPU
		{9CA73350-BBB4-4F31-AFD7-7F3208A66051}.Release|Any CPU.ActiveCfg = Release|Any CPU
		{9CA73350-BBB4-4F31-AFD7-7F3208A66051}.Release|Any CPU.Build.0 = Release|Any CPU
		{9CA73350-BBB4-4F31-AFD7-7F3208A66051}.Release|x64.ActiveCfg = Release|Any CPU
		{9CA73350-BBB4-4F31-AFD7-7F3208A66051}.Release|x64.Build.0 = Release|Any CPU
		{9CA73350-BBB4-4F31-AFD7-7F3208A66051}.Release|x86.ActiveCfg = Release|Any CPU
		{9CA73350-BBB4-4F31-AFD7-7F3208A66051}.Release|x86.Build.0 = Release|Any CPU
		{F0D10EFB-12BE-468D-A232-BC33B845F687}.Debug|Any CPU.ActiveCfg = Debug|Any CPU
		{F0D10EFB-12BE-468D-A232-BC33B845F687}.Debug|Any CPU.Build.0 = Debug|Any CPU
		{F0D10EFB-12BE-468D-A232-BC33B845F687}.Debug|x64.ActiveCfg = Debug|Any CPU
		{F0D10EFB-12BE-468D-A232-BC33B845F687}.Debug|x64.Build.0 = Debug|Any CPU
		{F0D10EFB-12BE-468D-A232-BC33B845F687}.Debug|x86.ActiveCfg = Debug|Any CPU
		{F0D10EFB-12BE-468D-A232-BC33B845F687}.Debug|x86.Build.0 = Debug|Any CPU
		{F0D10EFB-12BE-468D-A232-BC33B845F687}.Release|Any CPU.ActiveCfg = Release|Any CPU
		{F0D10EFB-12BE-468D-A232-BC33B845F687}.Release|Any CPU.Build.0 = Release|Any CPU
		{F0D10EFB-12BE-468D-A232-BC33B845F687}.Release|x64.ActiveCfg = Release|Any CPU
		{F0D10EFB-12BE-468D-A232-BC33B845F687}.Release|x64.Build.0 = Release|Any CPU
		{F0D10EFB-12BE-468D-A232-BC33B845F687}.Release|x86.ActiveCfg = Release|Any CPU
		{F0D10EFB-12BE-468D-A232-BC33B845F687}.Release|x86.Build.0 = Release|Any CPU
		{D594E902-EF2D-4FD7-8C4F-E1ED727DA268}.Debug|Any CPU.ActiveCfg = Debug|Any CPU
		{D594E902-EF2D-4FD7-8C4F-E1ED727DA268}.Debug|Any CPU.Build.0 = Debug|Any CPU
		{D594E902-EF2D-4FD7-8C4F-E1ED727DA268}.Debug|x64.ActiveCfg = Debug|Any CPU
		{D594E902-EF2D-4FD7-8C4F-E1ED727DA268}.Debug|x64.Build.0 = Debug|Any CPU
		{D594E902-EF2D-4FD7-8C4F-E1ED727DA268}.Debug|x86.ActiveCfg = Debug|Any CPU
		{D594E902-EF2D-4FD7-8C4F-E1ED727DA268}.Debug|x86.Build.0 = Debug|Any CPU
		{D594E902-EF2D-4FD7-8C4F-E1ED727DA268}.Release|Any CPU.ActiveCfg = Release|Any CPU
		{D594E902-EF2D-4FD7-8C4F-E1ED727DA268}.Release|Any CPU.Build.0 = Release|Any CPU
		{D594E902-EF2D-4FD7-8C4F-E1ED727DA268}.Release|x64.ActiveCfg = Release|Any CPU
		{D594E902-EF2D-4FD7-8C4F-E1ED727DA268}.Release|x64.Build.0 = Release|Any CPU
		{D594E902-EF2D-4FD7-8C4F-E1ED727DA268}.Release|x86.ActiveCfg = Release|Any CPU
		{D594E902-EF2D-4FD7-8C4F-E1ED727DA268}.Release|x86.Build.0 = Release|Any CPU
		{2CE11763-9CD8-4E98-8246-1A04FF3B993F}.Debug|Any CPU.ActiveCfg = Debug|Any CPU
		{2CE11763-9CD8-4E98-8246-1A04FF3B993F}.Debug|Any CPU.Build.0 = Debug|Any CPU
		{2CE11763-9CD8-4E98-8246-1A04FF3B993F}.Debug|x64.ActiveCfg = Debug|Any CPU
		{2CE11763-9CD8-4E98-8246-1A04FF3B993F}.Debug|x64.Build.0 = Debug|Any CPU
		{2CE11763-9CD8-4E98-8246-1A04FF3B993F}.Debug|x86.ActiveCfg = Debug|Any CPU
		{2CE11763-9CD8-4E98-8246-1A04FF3B993F}.Debug|x86.Build.0 = Debug|Any CPU
		{2CE11763-9CD8-4E98-8246-1A04FF3B993F}.Release|Any CPU.ActiveCfg = Release|Any CPU
		{2CE11763-9CD8-4E98-8246-1A04FF3B993F}.Release|Any CPU.Build.0 = Release|Any CPU
		{2CE11763-9CD8-4E98-8246-1A04FF3B993F}.Release|x64.ActiveCfg = Release|Any CPU
		{2CE11763-9CD8-4E98-8246-1A04FF3B993F}.Release|x64.Build.0 = Release|Any CPU
		{2CE11763-9CD8-4E98-8246-1A04FF3B993F}.Release|x86.ActiveCfg = Release|Any CPU
		{2CE11763-9CD8-4E98-8246-1A04FF3B993F}.Release|x86.Build.0 = Release|Any CPU
		{8B079EB8-E76D-48AA-988B-9E0A897845EB}.Debug|Any CPU.ActiveCfg = Debug|Any CPU
		{8B079EB8-E76D-48AA-988B-9E0A897845EB}.Debug|Any CPU.Build.0 = Debug|Any CPU
		{8B079EB8-E76D-48AA-988B-9E0A897845EB}.Debug|x64.ActiveCfg = Debug|Any CPU
		{8B079EB8-E76D-48AA-988B-9E0A897845EB}.Debug|x64.Build.0 = Debug|Any CPU
		{8B079EB8-E76D-48AA-988B-9E0A897845EB}.Debug|x86.ActiveCfg = Debug|Any CPU
		{8B079EB8-E76D-48AA-988B-9E0A897845EB}.Debug|x86.Build.0 = Debug|Any CPU
		{8B079EB8-E76D-48AA-988B-9E0A897845EB}.Release|Any CPU.ActiveCfg = Release|Any CPU
		{8B079EB8-E76D-48AA-988B-9E0A897845EB}.Release|Any CPU.Build.0 = Release|Any CPU
		{8B079EB8-E76D-48AA-988B-9E0A897845EB}.Release|x64.ActiveCfg = Release|Any CPU
		{8B079EB8-E76D-48AA-988B-9E0A897845EB}.Release|x64.Build.0 = Release|Any CPU
		{8B079EB8-E76D-48AA-988B-9E0A897845EB}.Release|x86.ActiveCfg = Release|Any CPU
		{8B079EB8-E76D-48AA-988B-9E0A897845EB}.Release|x86.Build.0 = Release|Any CPU
		{750F6660-0CFC-44A3-A46E-92F09E1788FD}.Debug|Any CPU.ActiveCfg = Debug|Any CPU
		{750F6660-0CFC-44A3-A46E-92F09E1788FD}.Debug|Any CPU.Build.0 = Debug|Any CPU
		{750F6660-0CFC-44A3-A46E-92F09E1788FD}.Debug|x64.ActiveCfg = Debug|Any CPU
		{750F6660-0CFC-44A3-A46E-92F09E1788FD}.Debug|x64.Build.0 = Debug|Any CPU
		{750F6660-0CFC-44A3-A46E-92F09E1788FD}.Debug|x86.ActiveCfg = Debug|Any CPU
		{750F6660-0CFC-44A3-A46E-92F09E1788FD}.Debug|x86.Build.0 = Debug|Any CPU
		{750F6660-0CFC-44A3-A46E-92F09E1788FD}.Release|Any CPU.ActiveCfg = Release|Any CPU
		{750F6660-0CFC-44A3-A46E-92F09E1788FD}.Release|Any CPU.Build.0 = Release|Any CPU
		{750F6660-0CFC-44A3-A46E-92F09E1788FD}.Release|x64.ActiveCfg = Release|Any CPU
		{750F6660-0CFC-44A3-A46E-92F09E1788FD}.Release|x64.Build.0 = Release|Any CPU
		{750F6660-0CFC-44A3-A46E-92F09E1788FD}.Release|x86.ActiveCfg = Release|Any CPU
		{750F6660-0CFC-44A3-A46E-92F09E1788FD}.Release|x86.Build.0 = Release|Any CPU
		{6A0E1477-AF60-4753-AD8A-151F79348311}.Debug|Any CPU.ActiveCfg = Debug|Any CPU
		{6A0E1477-AF60-4753-AD8A-151F79348311}.Debug|Any CPU.Build.0 = Debug|Any CPU
		{6A0E1477-AF60-4753-AD8A-151F79348311}.Debug|x64.ActiveCfg = Debug|Any CPU
		{6A0E1477-AF60-4753-AD8A-151F79348311}.Debug|x64.Build.0 = Debug|Any CPU
		{6A0E1477-AF60-4753-AD8A-151F79348311}.Debug|x86.ActiveCfg = Debug|Any CPU
		{6A0E1477-AF60-4753-AD8A-151F79348311}.Debug|x86.Build.0 = Debug|Any CPU
		{6A0E1477-AF60-4753-AD8A-151F79348311}.Release|Any CPU.ActiveCfg = Release|Any CPU
		{6A0E1477-AF60-4753-AD8A-151F79348311}.Release|Any CPU.Build.0 = Release|Any CPU
		{6A0E1477-AF60-4753-AD8A-151F79348311}.Release|x64.ActiveCfg = Release|Any CPU
		{6A0E1477-AF60-4753-AD8A-151F79348311}.Release|x64.Build.0 = Release|Any CPU
		{6A0E1477-AF60-4753-AD8A-151F79348311}.Release|x86.ActiveCfg = Release|Any CPU
		{6A0E1477-AF60-4753-AD8A-151F79348311}.Release|x86.Build.0 = Release|Any CPU
		{EF94BF2A-D6BB-42FC-9CA3-E39628F23548}.Debug|Any CPU.ActiveCfg = Debug|Any CPU
		{EF94BF2A-D6BB-42FC-9CA3-E39628F23548}.Debug|Any CPU.Build.0 = Debug|Any CPU
		{EF94BF2A-D6BB-42FC-9CA3-E39628F23548}.Debug|x64.ActiveCfg = Debug|Any CPU
		{EF94BF2A-D6BB-42FC-9CA3-E39628F23548}.Debug|x64.Build.0 = Debug|Any CPU
		{EF94BF2A-D6BB-42FC-9CA3-E39628F23548}.Debug|x86.ActiveCfg = Debug|Any CPU
		{EF94BF2A-D6BB-42FC-9CA3-E39628F23548}.Debug|x86.Build.0 = Debug|Any CPU
		{EF94BF2A-D6BB-42FC-9CA3-E39628F23548}.Release|Any CPU.ActiveCfg = Release|Any CPU
		{EF94BF2A-D6BB-42FC-9CA3-E39628F23548}.Release|Any CPU.Build.0 = Release|Any CPU
		{EF94BF2A-D6BB-42FC-9CA3-E39628F23548}.Release|x64.ActiveCfg = Release|Any CPU
		{EF94BF2A-D6BB-42FC-9CA3-E39628F23548}.Release|x64.Build.0 = Release|Any CPU
		{EF94BF2A-D6BB-42FC-9CA3-E39628F23548}.Release|x86.ActiveCfg = Release|Any CPU
		{EF94BF2A-D6BB-42FC-9CA3-E39628F23548}.Release|x86.Build.0 = Release|Any CPU
		{5E6C479C-4C40-4D19-8259-3E65AB617735}.Debug|Any CPU.ActiveCfg = Debug|Any CPU
		{5E6C479C-4C40-4D19-8259-3E65AB617735}.Debug|Any CPU.Build.0 = Debug|Any CPU
		{5E6C479C-4C40-4D19-8259-3E65AB617735}.Debug|x64.ActiveCfg = Debug|Any CPU
		{5E6C479C-4C40-4D19-8259-3E65AB617735}.Debug|x64.Build.0 = Debug|Any CPU
		{5E6C479C-4C40-4D19-8259-3E65AB617735}.Debug|x86.ActiveCfg = Debug|Any CPU
		{5E6C479C-4C40-4D19-8259-3E65AB617735}.Debug|x86.Build.0 = Debug|Any CPU
		{5E6C479C-4C40-4D19-8259-3E65AB617735}.Release|Any CPU.ActiveCfg = Release|Any CPU
		{5E6C479C-4C40-4D19-8259-3E65AB617735}.Release|Any CPU.Build.0 = Release|Any CPU
		{5E6C479C-4C40-4D19-8259-3E65AB617735}.Release|x64.ActiveCfg = Release|Any CPU
		{5E6C479C-4C40-4D19-8259-3E65AB617735}.Release|x64.Build.0 = Release|Any CPU
		{5E6C479C-4C40-4D19-8259-3E65AB617735}.Release|x86.ActiveCfg = Release|Any CPU
		{5E6C479C-4C40-4D19-8259-3E65AB617735}.Release|x86.Build.0 = Release|Any CPU
		{AE6E8417-DB6A-415B-9FCA-4240A2E7A738}.Debug|Any CPU.ActiveCfg = Debug|Any CPU
		{AE6E8417-DB6A-415B-9FCA-4240A2E7A738}.Debug|Any CPU.Build.0 = Debug|Any CPU
		{AE6E8417-DB6A-415B-9FCA-4240A2E7A738}.Debug|x64.ActiveCfg = Debug|Any CPU
		{AE6E8417-DB6A-415B-9FCA-4240A2E7A738}.Debug|x64.Build.0 = Debug|Any CPU
		{AE6E8417-DB6A-415B-9FCA-4240A2E7A738}.Debug|x86.ActiveCfg = Debug|Any CPU
		{AE6E8417-DB6A-415B-9FCA-4240A2E7A738}.Debug|x86.Build.0 = Debug|Any CPU
		{AE6E8417-DB6A-415B-9FCA-4240A2E7A738}.Release|Any CPU.ActiveCfg = Release|Any CPU
		{AE6E8417-DB6A-415B-9FCA-4240A2E7A738}.Release|Any CPU.Build.0 = Release|Any CPU
		{AE6E8417-DB6A-415B-9FCA-4240A2E7A738}.Release|x64.ActiveCfg = Release|Any CPU
		{AE6E8417-DB6A-415B-9FCA-4240A2E7A738}.Release|x64.Build.0 = Release|Any CPU
		{AE6E8417-DB6A-415B-9FCA-4240A2E7A738}.Release|x86.ActiveCfg = Release|Any CPU
		{AE6E8417-DB6A-415B-9FCA-4240A2E7A738}.Release|x86.Build.0 = Release|Any CPU
		{0168AEDD-6126-429C-9BDA-B1C046E78E2F}.Debug|Any CPU.ActiveCfg = Debug|Any CPU
		{0168AEDD-6126-429C-9BDA-B1C046E78E2F}.Debug|Any CPU.Build.0 = Debug|Any CPU
		{0168AEDD-6126-429C-9BDA-B1C046E78E2F}.Debug|x64.ActiveCfg = Debug|Any CPU
		{0168AEDD-6126-429C-9BDA-B1C046E78E2F}.Debug|x64.Build.0 = Debug|Any CPU
		{0168AEDD-6126-429C-9BDA-B1C046E78E2F}.Debug|x86.ActiveCfg = Debug|Any CPU
		{0168AEDD-6126-429C-9BDA-B1C046E78E2F}.Debug|x86.Build.0 = Debug|Any CPU
		{0168AEDD-6126-429C-9BDA-B1C046E78E2F}.Release|Any CPU.ActiveCfg = Release|Any CPU
		{0168AEDD-6126-429C-9BDA-B1C046E78E2F}.Release|Any CPU.Build.0 = Release|Any CPU
		{0168AEDD-6126-429C-9BDA-B1C046E78E2F}.Release|x64.ActiveCfg = Release|Any CPU
		{0168AEDD-6126-429C-9BDA-B1C046E78E2F}.Release|x64.Build.0 = Release|Any CPU
		{0168AEDD-6126-429C-9BDA-B1C046E78E2F}.Release|x86.ActiveCfg = Release|Any CPU
		{0168AEDD-6126-429C-9BDA-B1C046E78E2F}.Release|x86.Build.0 = Release|Any CPU
		{3F63827B-1D78-4C51-A68C-747EC767A006}.Debug|Any CPU.ActiveCfg = Debug|Any CPU
		{3F63827B-1D78-4C51-A68C-747EC767A006}.Debug|Any CPU.Build.0 = Debug|Any CPU
		{3F63827B-1D78-4C51-A68C-747EC767A006}.Debug|x64.ActiveCfg = Debug|Any CPU
		{3F63827B-1D78-4C51-A68C-747EC767A006}.Debug|x64.Build.0 = Debug|Any CPU
		{3F63827B-1D78-4C51-A68C-747EC767A006}.Debug|x86.ActiveCfg = Debug|Any CPU
		{3F63827B-1D78-4C51-A68C-747EC767A006}.Debug|x86.Build.0 = Debug|Any CPU
		{3F63827B-1D78-4C51-A68C-747EC767A006}.Release|Any CPU.ActiveCfg = Release|Any CPU
		{3F63827B-1D78-4C51-A68C-747EC767A006}.Release|Any CPU.Build.0 = Release|Any CPU
		{3F63827B-1D78-4C51-A68C-747EC767A006}.Release|x64.ActiveCfg = Release|Any CPU
		{3F63827B-1D78-4C51-A68C-747EC767A006}.Release|x64.Build.0 = Release|Any CPU
		{3F63827B-1D78-4C51-A68C-747EC767A006}.Release|x86.ActiveCfg = Release|Any CPU
		{3F63827B-1D78-4C51-A68C-747EC767A006}.Release|x86.Build.0 = Release|Any CPU
		{4A6FA671-B431-4323-A7B1-35AA1D5275D6}.Debug|Any CPU.ActiveCfg = Debug|Win32
		{4A6FA671-B431-4323-A7B1-35AA1D5275D6}.Debug|x64.ActiveCfg = Debug|x64
		{4A6FA671-B431-4323-A7B1-35AA1D5275D6}.Debug|x64.Build.0 = Debug|x64
		{4A6FA671-B431-4323-A7B1-35AA1D5275D6}.Debug|x86.ActiveCfg = Debug|Win32
		{4A6FA671-B431-4323-A7B1-35AA1D5275D6}.Debug|x86.Build.0 = Debug|Win32
		{4A6FA671-B431-4323-A7B1-35AA1D5275D6}.Release|Any CPU.ActiveCfg = Release|Win32
		{4A6FA671-B431-4323-A7B1-35AA1D5275D6}.Release|x64.ActiveCfg = Release|x64
		{4A6FA671-B431-4323-A7B1-35AA1D5275D6}.Release|x64.Build.0 = Release|x64
		{4A6FA671-B431-4323-A7B1-35AA1D5275D6}.Release|x86.ActiveCfg = Release|Win32
		{4A6FA671-B431-4323-A7B1-35AA1D5275D6}.Release|x86.Build.0 = Release|Win32
		{CC2E74B4-E759-4D1A-B2CA-D6A5346AEFB0}.Debug|Any CPU.ActiveCfg = Debug|Any CPU
		{CC2E74B4-E759-4D1A-B2CA-D6A5346AEFB0}.Debug|Any CPU.Build.0 = Debug|Any CPU
		{CC2E74B4-E759-4D1A-B2CA-D6A5346AEFB0}.Debug|x64.ActiveCfg = Debug|Any CPU
		{CC2E74B4-E759-4D1A-B2CA-D6A5346AEFB0}.Debug|x64.Build.0 = Debug|Any CPU
		{CC2E74B4-E759-4D1A-B2CA-D6A5346AEFB0}.Debug|x86.ActiveCfg = Debug|Any CPU
		{CC2E74B4-E759-4D1A-B2CA-D6A5346AEFB0}.Debug|x86.Build.0 = Debug|Any CPU
		{CC2E74B4-E759-4D1A-B2CA-D6A5346AEFB0}.Release|Any CPU.ActiveCfg = Release|Any CPU
		{CC2E74B4-E759-4D1A-B2CA-D6A5346AEFB0}.Release|Any CPU.Build.0 = Release|Any CPU
		{CC2E74B4-E759-4D1A-B2CA-D6A5346AEFB0}.Release|x64.ActiveCfg = Release|Any CPU
		{CC2E74B4-E759-4D1A-B2CA-D6A5346AEFB0}.Release|x64.Build.0 = Release|Any CPU
		{CC2E74B4-E759-4D1A-B2CA-D6A5346AEFB0}.Release|x86.ActiveCfg = Release|Any CPU
		{CC2E74B4-E759-4D1A-B2CA-D6A5346AEFB0}.Release|x86.Build.0 = Release|Any CPU
		{3451D0FC-CD4C-413A-93A2-37A44148E472}.Debug|Any CPU.ActiveCfg = Debug|Any CPU
		{3451D0FC-CD4C-413A-93A2-37A44148E472}.Debug|Any CPU.Build.0 = Debug|Any CPU
		{3451D0FC-CD4C-413A-93A2-37A44148E472}.Debug|x64.ActiveCfg = Debug|Any CPU
		{3451D0FC-CD4C-413A-93A2-37A44148E472}.Debug|x64.Build.0 = Debug|Any CPU
		{3451D0FC-CD4C-413A-93A2-37A44148E472}.Debug|x86.ActiveCfg = Debug|Any CPU
		{3451D0FC-CD4C-413A-93A2-37A44148E472}.Debug|x86.Build.0 = Debug|Any CPU
		{3451D0FC-CD4C-413A-93A2-37A44148E472}.Release|Any CPU.ActiveCfg = Release|Any CPU
		{3451D0FC-CD4C-413A-93A2-37A44148E472}.Release|Any CPU.Build.0 = Release|Any CPU
		{3451D0FC-CD4C-413A-93A2-37A44148E472}.Release|x64.ActiveCfg = Release|Any CPU
		{3451D0FC-CD4C-413A-93A2-37A44148E472}.Release|x64.Build.0 = Release|Any CPU
		{3451D0FC-CD4C-413A-93A2-37A44148E472}.Release|x86.ActiveCfg = Release|Any CPU
		{3451D0FC-CD4C-413A-93A2-37A44148E472}.Release|x86.Build.0 = Release|Any CPU
	EndGlobalSection
	GlobalSection(SolutionProperties) = preSolution
		HideSolutionNode = FALSE
	EndGlobalSection
	GlobalSection(NestedProjects) = preSolution
		{F08B4663-A67C-4BDD-89E9-A8BD85ACC666} = {CE377979-3F8C-41DE-A9D8-962AD4CCBFD0}
		{CE377979-3F8C-41DE-A9D8-962AD4CCBFD0} = {C6263B88-0841-456A-B917-4FABB534E5AE}
		{54193697-89F4-4534-B465-E37A40DBC62D} = {4D990D3E-638E-4F09-B96C-510590C8D08C}
		{D014BB4B-9BC6-45D8-871F-BDED30951BFC} = {54193697-89F4-4534-B465-E37A40DBC62D}
		{0895B86A-2306-447D-848F-9D5B0E5F3D6C} = {C5266D2E-FA5F-492F-B673-272E0B2155C8}
		{AF811424-D8E8-4E80-9C75-07A94F49B8BE} = {C6263B88-0841-456A-B917-4FABB534E5AE}
		{673A30A9-EA48-4D1D-BA63-1DA71DA001C5} = {AF811424-D8E8-4E80-9C75-07A94F49B8BE}
		{A8905ADC-76CD-417E-9762-333531724DDF} = {C6263B88-0841-456A-B917-4FABB534E5AE}
		{BF855467-5AEB-4333-82C8-ECC89EE54BF9} = {A8905ADC-76CD-417E-9762-333531724DDF}
		{91F8AC22-FF7D-4E54-BC7B-854166F2C251} = {A8905ADC-76CD-417E-9762-333531724DDF}
		{BE3A0695-6517-48CC-9A25-A458621D3A67} = {A8905ADC-76CD-417E-9762-333531724DDF}
		{F76F0CD4-FFA2-4A15-A865-2D2C069E55A8} = {A8905ADC-76CD-417E-9762-333531724DDF}
		{BD678D9F-CE64-4194-8275-892ADEB42990} = {A8905ADC-76CD-417E-9762-333531724DDF}
		{0A30BA41-19D9-4ED9-9C6B-CDE79828C56F} = {4D990D3E-638E-4F09-B96C-510590C8D08C}
		{8874BA68-843D-4234-975A-8746ACA50909} = {0A30BA41-19D9-4ED9-9C6B-CDE79828C56F}
		{64281BD3-BE06-4260-A8B5-36962F4B73CD} = {C5266D2E-FA5F-492F-B673-272E0B2155C8}
		{BC5170CE-F924-4CFE-8A55-1D2C863F92AF} = {A8905ADC-76CD-417E-9762-333531724DDF}
		{4EB3753E-04C5-4A3B-B385-CAF4A531A561} = {A8905ADC-76CD-417E-9762-333531724DDF}
		{1D449DCC-D200-4BF8-B4AA-44F2F9F7A036} = {A8905ADC-76CD-417E-9762-333531724DDF}
		{FC1F8227-6EE0-4214-96C6-60BC73FD9C43} = {C6263B88-0841-456A-B917-4FABB534E5AE}
		{8E5B321F-4E40-4815-AEC7-4F76504C61A9} = {FC1F8227-6EE0-4214-96C6-60BC73FD9C43}
		{8B65534D-D16D-44B4-B4A7-81F84A7F7F74} = {FC1F8227-6EE0-4214-96C6-60BC73FD9C43}
		{24DA4626-1DA9-498F-BEFD-4BAC021CB53E} = {A8905ADC-76CD-417E-9762-333531724DDF}
		{EEA9F0E2-71C7-469F-91D6-5DB6CFAF28CE} = {4D990D3E-638E-4F09-B96C-510590C8D08C}
		{903327AC-264C-4378-9B7B-37C39BC92AB3} = {EEA9F0E2-71C7-469F-91D6-5DB6CFAF28CE}
		{89090232-3887-4A45-975A-46C0503CCAE6} = {FC1F8227-6EE0-4214-96C6-60BC73FD9C43}
		{E4BEF0EE-486E-43B1-8540-526A19AD85EA} = {C5266D2E-FA5F-492F-B673-272E0B2155C8}
		{0766CA1E-F7F8-433D-B384-6FDCCB4B8B2E} = {C5266D2E-FA5F-492F-B673-272E0B2155C8}
		{557A50E9-640D-455C-9F66-9B796618E1A5} = {C6263B88-0841-456A-B917-4FABB534E5AE}
		{79930300-112D-404E-A59A-30031FCAEB91} = {557A50E9-640D-455C-9F66-9B796618E1A5}
		{AFFE4258-D0DC-470D-9D09-8637343976C7} = {557A50E9-640D-455C-9F66-9B796618E1A5}
		{5C5F7323-B89C-4861-903F-891769272E8A} = {C6263B88-0841-456A-B917-4FABB534E5AE}
		{D06FACF9-E8ED-4F90-8E48-90E4962BE387} = {5C5F7323-B89C-4861-903F-891769272E8A}
		{624B78FF-70A2-405E-9137-0E3AE6D36896} = {C6263B88-0841-456A-B917-4FABB534E5AE}
		{9CA73350-BBB4-4F31-AFD7-7F3208A66051} = {624B78FF-70A2-405E-9137-0E3AE6D36896}
		{345B791D-795C-41C2-877B-57A029A16B63} = {4D990D3E-638E-4F09-B96C-510590C8D08C}
		{F0D10EFB-12BE-468D-A232-BC33B845F687} = {345B791D-795C-41C2-877B-57A029A16B63}
		{580A1674-DF5E-483D-9488-0BB1E3F18390} = {C6263B88-0841-456A-B917-4FABB534E5AE}
		{D594E902-EF2D-4FD7-8C4F-E1ED727DA268} = {580A1674-DF5E-483D-9488-0BB1E3F18390}
		{2CE11763-9CD8-4E98-8246-1A04FF3B993F} = {580A1674-DF5E-483D-9488-0BB1E3F18390}
		{8B079EB8-E76D-48AA-988B-9E0A897845EB} = {580A1674-DF5E-483D-9488-0BB1E3F18390}
		{750F6660-0CFC-44A3-A46E-92F09E1788FD} = {580A1674-DF5E-483D-9488-0BB1E3F18390}
		{F92B8D7C-EF0D-4E1E-AA96-1DB91FBCC828} = {C6263B88-0841-456A-B917-4FABB534E5AE}
		{6A0E1477-AF60-4753-AD8A-151F79348311} = {F92B8D7C-EF0D-4E1E-AA96-1DB91FBCC828}
		{EF94BF2A-D6BB-42FC-9CA3-E39628F23548} = {580A1674-DF5E-483D-9488-0BB1E3F18390}
		{9A5A47F3-80F1-4CFF-A3F1-8490CF604BE4} = {C5266D2E-FA5F-492F-B673-272E0B2155C8}
		{5E6C479C-4C40-4D19-8259-3E65AB617735} = {9A5A47F3-80F1-4CFF-A3F1-8490CF604BE4}
		{AE6E8417-DB6A-415B-9FCA-4240A2E7A738} = {9A5A47F3-80F1-4CFF-A3F1-8490CF604BE4}
		{0168AEDD-6126-429C-9BDA-B1C046E78E2F} = {9A5A47F3-80F1-4CFF-A3F1-8490CF604BE4}
		{3F63827B-1D78-4C51-A68C-747EC767A006} = {9A5A47F3-80F1-4CFF-A3F1-8490CF604BE4}
		{4A6FA671-B431-4323-A7B1-35AA1D5275D6} = {425A849E-9D20-40EC-8711-C05C2DD98B43}
		{CC2E74B4-E759-4D1A-B2CA-D6A5346AEFB0} = {FC1F8227-6EE0-4214-96C6-60BC73FD9C43}
		{FC8EAC8C-1866-4403-A1B2-1D8517B0502A} = {4D990D3E-638E-4F09-B96C-510590C8D08C}
		{3451D0FC-CD4C-413A-93A2-37A44148E472} = {FC1F8227-6EE0-4214-96C6-60BC73FD9C43}
	EndGlobalSection
	GlobalSection(ExtensibilityGlobals) = postSolution
		SolutionGuid = {C54E44C7-D5BA-479C-AB89-CFBA7BC11158}
	EndGlobalSection
EndGlobal
